
Microsoft Visual Studio Solution File, Format Version 12.00
# Visual Studio Version 17
VisualStudioVersion = 17.7.34003.232
MinimumVisualStudioVersion = 10.0.40219.1
Project("{FAE04EC0-301F-11D3-BF4B-00C04F79EFBC}") = "DataAccess", "DataAccess\DataAccess.csproj", "{551FB765-EB4D-4A39-989C-36B410885EFE}"
EndProject
Project("{FAE04EC0-301F-11D3-BF4B-00C04F79EFBC}") = "Core", "Core\Core.csproj", "{4873A7FE-451D-4EDC-AF6E-05A6A7605870}"
EndProject
Project("{FAE04EC0-301F-11D3-BF4B-00C04F79EFBC}") = "Business", "Business\Business.csproj", "{C8F764D5-9333-408A-8430-313132659262}"
EndProject
Project("{FAE04EC0-301F-11D3-BF4B-00C04F79EFBC}") = "Entities", "Entities\Entities.csproj", "{4D6A82BF-9062-4E4A-902D-B10942D7DE73}"
EndProject
Project("{FAE04EC0-301F-11D3-BF4B-00C04F79EFBC}") = "ConsoleUI", "ConsoleUI\ConsoleUI.csproj", "{ADB6BF1B-91E7-4DEE-ABF4-A3EE9479A7BD}"
EndProject
Project("{FAE04EC0-301F-11D3-BF4B-00C04F79EFBC}") = "WebAPI", "WebAPI\WebAPI.csproj", "{301D36AD-2674-42B8-86AC-C48D0B0A2B8C}"
EndProject
Global
	GlobalSection(SolutionConfigurationPlatforms) = preSolution
		Debug|Any CPU = Debug|Any CPU
		Release|Any CPU = Release|Any CPU
	EndGlobalSection
	GlobalSection(ProjectConfigurationPlatforms) = postSolution
		{551FB765-EB4D-4A39-989C-36B410885EFE}.Debug|Any CPU.ActiveCfg = Debug|Any CPU
		{551FB765-EB4D-4A39-989C-36B410885EFE}.Debug|Any CPU.Build.0 = Debug|Any CPU
		{551FB765-EB4D-4A39-989C-36B410885EFE}.Release|Any CPU.ActiveCfg = Release|Any CPU
		{551FB765-EB4D-4A39-989C-36B410885EFE}.Release|Any CPU.Build.0 = Release|Any CPU
		{4873A7FE-451D-4EDC-AF6E-05A6A7605870}.Debug|Any CPU.ActiveCfg = Debug|Any CPU
		{4873A7FE-451D-4EDC-AF6E-05A6A7605870}.Debug|Any CPU.Build.0 = Debug|Any CPU
		{4873A7FE-451D-4EDC-AF6E-05A6A7605870}.Release|Any CPU.ActiveCfg = Release|Any CPU
		{4873A7FE-451D-4EDC-AF6E-05A6A7605870}.Release|Any CPU.Build.0 = Release|Any CPU
		{C8F764D5-9333-408A-8430-313132659262}.Debug|Any CPU.ActiveCfg = Debug|Any CPU
		{C8F764D5-9333-408A-8430-313132659262}.Debug|Any CPU.Build.0 = Debug|Any CPU
		{C8F764D5-9333-408A-8430-313132659262}.Release|Any CPU.ActiveCfg = Release|Any CPU
		{C8F764D5-9333-408A-8430-313132659262}.Release|Any CPU.Build.0 = Release|Any CPU
		{4D6A82BF-9062-4E4A-902D-B10942D7DE73}.Debug|Any CPU.ActiveCfg = Debug|Any CPU
		{4D6A82BF-9062-4E4A-902D-B10942D7DE73}.Debug|Any CPU.Build.0 = Debug|Any CPU
		{4D6A82BF-9062-4E4A-902D-B10942D7DE73}.Release|Any CPU.ActiveCfg = Release|Any CPU
		{4D6A82BF-9062-4E4A-902D-B10942D7DE73}.Release|Any CPU.Build.0 = Release|Any CPU
		{ADB6BF1B-91E7-4DEE-ABF4-A3EE9479A7BD}.Debug|Any CPU.ActiveCfg = Debug|Any CPU
		{ADB6BF1B-91E7-4DEE-ABF4-A3EE9479A7BD}.Debug|Any CPU.Build.0 = Debug|Any CPU
		{ADB6BF1B-91E7-4DEE-ABF4-A3EE9479A7BD}.Release|Any CPU.ActiveCfg = Release|Any CPU
		{ADB6BF1B-91E7-4DEE-ABF4-A3EE9479A7BD}.Release|Any CPU.Build.0 = Release|Any CPU
		{301D36AD-2674-42B8-86AC-C48D0B0A2B8C}.Debug|Any CPU.ActiveCfg = Debug|Any CPU
		{301D36AD-2674-42B8-86AC-C48D0B0A2B8C}.Debug|Any CPU.Build.0 = Debug|Any CPU
		{301D36AD-2674-42B8-86AC-C48D0B0A2B8C}.Release|Any CPU.ActiveCfg = Release|Any CPU
		{301D36AD-2674-42B8-86AC-C48D0B0A2B8C}.Release|Any CPU.Build.0 = Release|Any CPU
	EndGlobalSection
	GlobalSection(SolutionProperties) = preSolution
		HideSolutionNode = FALSE
	EndGlobalSection
	GlobalSection(ExtensibilityGlobals) = postSolution
		SolutionGuid = {86EA7B33-25FF-42F8-A908-FC298CB4FE5E}
	EndGlobalSection
EndGlobal
